# This file is automatically @generated by Cargo.
# It is not intended for manual editing.
[[package]]
name = "bresenham"
version = "0.1.1"
source = "registry+https://github.com/rust-lang/crates.io-index"

[[package]]
name = "gasket"
version = "0.1.0"
dependencies = [
 "bresenham 0.1.1 (registry+https://github.com/rust-lang/crates.io-index)",
]

[metadata]
"checksum bresenham 0.1.1 (registry+https://github.com/rust-lang/crates.io-index)" = "bfc1116225f66d2ea341a26503f83a6b1205070a6f7199ce1f1550ead91f6fd7"
